
Microsoft Visual Studio Solution File, Format Version 12.00
# Visual Studio Version 17
VisualStudioVersion = 17.2.32616.157
MinimumVisualStudioVersion = 10.0.40219.1
Project("{9A19103F-16F7-4668-BE54-9A1E7A4F7556}") = "NLayer.Core", "NLayer.Core\NLayer.Core.csproj", "{DB88B521-7B50-4FAB-8F7B-56DD66D2C67D}"
EndProject
Project("{9A19103F-16F7-4668-BE54-9A1E7A4F7556}") = "NLayer.Repository", "NLayer.Repository\NLayer.Repository.csproj", "{7FD94FFF-705C-4D11-950E-9A3C2D807DB5}"
EndProject
Project("{9A19103F-16F7-4668-BE54-9A1E7A4F7556}") = "NLayer.Service", "NLayer.Service\NLayer.Service.csproj", "{EFBC17C7-0D76-497C-9771-34410D004589}"
EndProject
Project("{FAE04EC0-301F-11D3-BF4B-00C04F79EFBC}") = "NLayer.API", "NLayer.API\NLayer.API.csproj", "{8A5CA48F-A7F7-47E0-86A0-407812C3E736}"
EndProject
Project("{9A19103F-16F7-4668-BE54-9A1E7A4F7556}") = "NLayer.Web", "NLayer.Web\NLayer.Web.csproj", "{E5F8FD2F-5796-4703-BA91-EBED4F6DE70E}"
EndProject
Project("{9A19103F-16F7-4668-BE54-9A1E7A4F7556}") = "NLayer.Caching", "NLayer.Caching\NLayer.Caching.csproj", "{9E233ED3-991E-4BD1-B8A8-3955930F1346}"
EndProject
Project("{2150E333-8FDC-42A3-9474-1A3956D46DE8}") = "Solution Items", "Solution Items", "{59AF4658-E20D-4D79-A62A-823C0DC6092E}"
	ProjectSection(SolutionItems) = preProject
		.editorconfig = .editorconfig
		Ports.txt = Ports.txt
	EndProjectSection
EndProject
Global
	GlobalSection(SolutionConfigurationPlatforms) = preSolution
		Debug|Any CPU = Debug|Any CPU
		Release|Any CPU = Release|Any CPU
	EndGlobalSection
	GlobalSection(ProjectConfigurationPlatforms) = postSolution
		{DB88B521-7B50-4FAB-8F7B-56DD66D2C67D}.Debug|Any CPU.ActiveCfg = Debug|Any CPU
		{DB88B521-7B50-4FAB-8F7B-56DD66D2C67D}.Debug|Any CPU.Build.0 = Debug|Any CPU
		{DB88B521-7B50-4FAB-8F7B-56DD66D2C67D}.Release|Any CPU.ActiveCfg = Release|Any CPU
		{DB88B521-7B50-4FAB-8F7B-56DD66D2C67D}.Release|Any CPU.Build.0 = Release|Any CPU
		{7FD94FFF-705C-4D11-950E-9A3C2D807DB5}.Debug|Any CPU.ActiveCfg = Debug|Any CPU
		{7FD94FFF-705C-4D11-950E-9A3C2D807DB5}.Debug|Any CPU.Build.0 = Debug|Any CPU
		{7FD94FFF-705C-4D11-950E-9A3C2D807DB5}.Release|Any CPU.ActiveCfg = Release|Any CPU
		{7FD94FFF-705C-4D11-950E-9A3C2D807DB5}.Release|Any CPU.Build.0 = Release|Any CPU
		{EFBC17C7-0D76-497C-9771-34410D004589}.Debug|Any CPU.ActiveCfg = Debug|Any CPU
		{EFBC17C7-0D76-497C-9771-34410D004589}.Debug|Any CPU.Build.0 = Debug|Any CPU
		{EFBC17C7-0D76-497C-9771-34410D004589}.Release|Any CPU.ActiveCfg = Release|Any CPU
		{EFBC17C7-0D76-497C-9771-34410D004589}.Release|Any CPU.Build.0 = Release|Any CPU
		{8A5CA48F-A7F7-47E0-86A0-407812C3E736}.Debug|Any CPU.ActiveCfg = Debug|Any CPU
		{8A5CA48F-A7F7-47E0-86A0-407812C3E736}.Debug|Any CPU.Build.0 = Debug|Any CPU
		{8A5CA48F-A7F7-47E0-86A0-407812C3E736}.Release|Any CPU.ActiveCfg = Release|Any CPU
		{8A5CA48F-A7F7-47E0-86A0-407812C3E736}.Release|Any CPU.Build.0 = Release|Any CPU
		{E5F8FD2F-5796-4703-BA91-EBED4F6DE70E}.Debug|Any CPU.ActiveCfg = Debug|Any CPU
		{E5F8FD2F-5796-4703-BA91-EBED4F6DE70E}.Debug|Any CPU.Build.0 = Debug|Any CPU
		{E5F8FD2F-5796-4703-BA91-EBED4F6DE70E}.Release|Any CPU.ActiveCfg = Release|Any CPU
		{E5F8FD2F-5796-4703-BA91-EBED4F6DE70E}.Release|Any CPU.Build.0 = Release|Any CPU
		{9E233ED3-991E-4BD1-B8A8-3955930F1346}.Debug|Any CPU.ActiveCfg = Debug|Any CPU
		{9E233ED3-991E-4BD1-B8A8-3955930F1346}.Debug|Any CPU.Build.0 = Debug|Any CPU
		{9E233ED3-991E-4BD1-B8A8-3955930F1346}.Release|Any CPU.ActiveCfg = Release|Any CPU
		{9E233ED3-991E-4BD1-B8A8-3955930F1346}.Release|Any CPU.Build.0 = Release|Any CPU
	EndGlobalSection
	GlobalSection(SolutionProperties) = preSolution
		HideSolutionNode = FALSE
	EndGlobalSection
	GlobalSection(ExtensibilityGlobals) = postSolution
		SolutionGuid = {4FDB6F05-774F-46E1-ADC9-0EC7FDDD6537}
	EndGlobalSection
EndGlobal
